
Microsoft Visual Studio Solution File, Format Version 12.00
# Visual Studio Version 17
VisualStudioVersion = 17.3.32929.385
MinimumVisualStudioVersion = 10.0.40219.1
Project("{FAE04EC0-301F-11D3-BF4B-00C04F79EFBC}") = "api.crypto.training", "api.crypto.training\api.crypto.training.csproj", "{10CAD96C-BFEA-4B5C-AAF0-593F4C710147}"
EndProject
Global
	GlobalSection(SolutionConfigurationPlatforms) = preSolution
		Debug|Any CPU = Debug|Any CPU
		Release|Any CPU = Release|Any CPU
	EndGlobalSection
	GlobalSection(ProjectConfigurationPlatforms) = postSolution
		{10CAD96C-BFEA-4B5C-AAF0-593F4C710147}.Debug|Any CPU.ActiveCfg = Debug|Any CPU
		{10CAD96C-BFEA-4B5C-AAF0-593F4C710147}.Debug|Any CPU.Build.0 = Debug|Any CPU
		{10CAD96C-BFEA-4B5C-AAF0-593F4C710147}.Release|Any CPU.ActiveCfg = Release|Any CPU
		{10CAD96C-BFEA-4B5C-AAF0-593F4C710147}.Release|Any CPU.Build.0 = Release|Any CPU
	EndGlobalSection
	GlobalSection(SolutionProperties) = preSolution
		HideSolutionNode = FALSE
	EndGlobalSection
	GlobalSection(ExtensibilityGlobals) = postSolution
		SolutionGuid = {2F72F7A8-95D5-4583-A4C9-B29B43A5C534}
	EndGlobalSection
EndGlobal
